
Microsoft Visual Studio Solution File, Format Version 12.00
# Visual Studio Version 16
VisualStudioVersion = 16.0.31515.178
MinimumVisualStudioVersion = 10.0.40219.1
Project("{9A19103F-16F7-4668-BE54-9A1E7A4F7556}") = "ttv-analytics", "ttv-analytics\ttv-analytics.csproj", "{B3BF9C16-CD3D-48E3-92AA-8F96846ABA29}"
EndProject
Project("{2150E333-8FDC-42A3-9474-1A3956D46DE8}") = "Solution Items", "Solution Items", "{F0889364-7CF8-4CF9-91A8-3D1FDD6E21ED}"
	ProjectSection(SolutionItems) = preProject
		.editorconfig = .editorconfig
	EndProjectSection
EndProject
Project("{FAE04EC0-301F-11D3-BF4B-00C04F79EFBC}") = "ttv-analytics-test", "ttv-analytics-test\ttv-analytics-test.csproj", "{8C111AB4-D9A7-49F3-B4E3-4D1FD300F8FE}"
EndProject
Global
	GlobalSection(SolutionConfigurationPlatforms) = preSolution
		Debug|Any CPU = Debug|Any CPU
		Release|Any CPU = Release|Any CPU
	EndGlobalSection
	GlobalSection(ProjectConfigurationPlatforms) = postSolution
		{B3BF9C16-CD3D-48E3-92AA-8F96846ABA29}.Debug|Any CPU.ActiveCfg = Debug|Any CPU
		{B3BF9C16-CD3D-48E3-92AA-8F96846ABA29}.Debug|Any CPU.Build.0 = Debug|Any CPU
		{B3BF9C16-CD3D-48E3-92AA-8F96846ABA29}.Release|Any CPU.ActiveCfg = Release|Any CPU
		{B3BF9C16-CD3D-48E3-92AA-8F96846ABA29}.Release|Any CPU.Build.0 = Release|Any CPU
		{8C111AB4-D9A7-49F3-B4E3-4D1FD300F8FE}.Debug|Any CPU.ActiveCfg = Debug|Any CPU
		{8C111AB4-D9A7-49F3-B4E3-4D1FD300F8FE}.Debug|Any CPU.Build.0 = Debug|Any CPU
		{8C111AB4-D9A7-49F3-B4E3-4D1FD300F8FE}.Release|Any CPU.ActiveCfg = Release|Any CPU
		{8C111AB4-D9A7-49F3-B4E3-4D1FD300F8FE}.Release|Any CPU.Build.0 = Release|Any CPU
	EndGlobalSection
	GlobalSection(SolutionProperties) = preSolution
		HideSolutionNode = FALSE
	EndGlobalSection
	GlobalSection(ExtensibilityGlobals) = postSolution
		SolutionGuid = {21026FC9-B41D-43CC-A837-3833C9BFBDE8}
	EndGlobalSection
EndGlobal
